{
  "version": 4,
  "terraform_version": "1.7.4",
  "serial": 35,
  "lineage": "7a89d440-73c1-ce33-f1cb-91007977113b",
  "outputs": {},
  "resources": [
    {
      "mode": "managed",
      "type": "google_compute_instance",
      "name": "gcp-vm-abgabe",
      "provider": "provider[\"registry.terraform.io/hashicorp/google\"]",
      "instances": [
        {
          "schema_version": 6,
          "attributes": {
            "advanced_machine_features": [],
            "allow_stopping_for_update": null,
            "attached_disk": [],
            "boot_disk": [
              {
                "auto_delete": true,
                "device_name": "gcp-vm-abgabe",
                "disk_encryption_key_raw": "",
                "disk_encryption_key_sha256": "",
                "initialize_params": [
                  {
                    "image": "https://www.googleapis.com/compute/v1/projects/debian-cloud/global/images/debian-12-bookworm-v20240213",
                    "labels": {},
                    "resource_manager_tags": null,
                    "size": 10,
                    "type": "pd-balanced"
                  }
                ],
                "kms_key_self_link": "",
                "mode": "READ_WRITE",
                "source": "https://www.googleapis.com/compute/v1/projects/testprojekt-332515/zones/us-central1-a/disks/gcp-vm-abgabe"
              }
            ],
            "can_ip_forward": false,
            "confidential_instance_config": [],
            "cpu_platform": "Intel Broadwell",
            "current_status": "RUNNING",
            "deletion_protection": false,
            "description": "",
            "desired_status": null,
            "enable_display": false,
            "guest_accelerator": [],
            "hostname": "",
            "id": "projects/testprojekt-332515/zones/us-central1-a/instances/gcp-vm-abgabe",
            "instance_id": "2841117704012168424",
            "label_fingerprint": "u__a2NSF3Cs=",
            "labels": {
              "goog-ec-src": "vm_add-tf"
            },
            "machine_type": "e2-micro",
            "metadata": {
              "ssh-keys": "alialemana:ssh-rsa AAAAB3NzaC1yc2EAAAADAQABAAACAQCz4vOEgSq7R55gG9gFY91Im79rXp+LyjvWy85vgBpE6X853PLLBl5r9zld2Lmc2tDHdh08iH8sLLm5nQghjqCm6Fllmcz6EeaGtm75EOZ1ZPnvwWFtGuzYh8pr+UPFiaQFksXGO9zHn135waWkOT8oJUCWsE8xwbB/sKUGh6yV4dnIQEFgP4yrykvFTb7SrlsynkboyjoW8NRT6lMTGYLlbHXDBMQrFT9CgkzS4NcwMljdHJVtME2ifqDGX8TCmiU0Y+gwE5dZHbYjsrMBnxER+Sen4MZ8XwfsfA73dKVMOBUVECCCliKzZ0H0kIBHSvB2SsKMnNm+/ActdplHlVmxm9+Ub5eVCv8FyeuOduBBcfztnNH9k9iCu7Hh88tx2rWorX0ls01rf+Odzb+OXi2BJZ2wg64UtO7duskz0OwNGynnFISTLx6GHjDYDpSKqONJ0zShUo1WfhijHc95QjUgBYoAk+qCHJ57uxG3EfvolF5DJjq9pYsiUVyLVWBb1jdw8VHgcblQRjkug4+bFOt8Bx7R5m4qMVjX7a9fUxtvczHLdNvtAXPItQzfzjDnQM1vZo8rsVSnPTrDWFvYbJ6Geeqd9If251RqrPzET6uleTyBLwkID5fB9GsYkohoCvIJAler9Ci3e5DTjOUQb+8DBESUeEdHopzi14ZezCxlWw== alialemana@alialemana-VirtualBox\n"
            },
            "metadata_fingerprint": "7fJGjRqU0kM=",
            "metadata_startup_script": null,
            "min_cpu_platform": "",
            "name": "gcp-vm-abgabe",
            "network_interface": [
              {
                "access_config": [
                  {
                    "nat_ip": "34.42.158.150",
                    "network_tier": "PREMIUM",
                    "public_ptr_domain_name": ""
                  }
                ],
                "alias_ip_range": [],
                "internal_ipv6_prefix_length": 0,
                "ipv6_access_config": [],
                "ipv6_access_type": "",
                "ipv6_address": "",
                "name": "nic0",
                "network": "https://www.googleapis.com/compute/v1/projects/testprojekt-332515/global/networks/default",
                "network_ip": "10.128.0.14",
                "nic_type": "",
                "queue_count": 0,
                "stack_type": "IPV4_ONLY",
                "subnetwork": "https://www.googleapis.com/compute/v1/projects/testprojekt-332515/regions/us-central1/subnetworks/default",
                "subnetwork_project": "testprojekt-332515"
              }
            ],
            "network_performance_config": [],
            "params": [],
            "project": "testprojekt-332515",
            "reservation_affinity": [],
            "resource_policies": null,
            "scheduling": [
              {
                "automatic_restart": true,
                "instance_termination_action": "",
                "local_ssd_recovery_timeout": [],
                "min_node_cpus": 0,
                "node_affinities": [],
                "on_host_maintenance": "MIGRATE",
                "preemptible": false,
                "provisioning_model": "STANDARD"
              }
            ],
            "scratch_disk": [],
            "self_link": "https://www.googleapis.com/compute/v1/projects/testprojekt-332515/zones/us-central1-a/instances/gcp-vm-abgabe",
            "service_account": [
              {
                "email": "521450885800-compute@developer.gserviceaccount.com",
                "scopes": [
                  "https://www.googleapis.com/auth/cloud-platform"
                ]
              }
            ],
            "shielded_instance_config": [
              {
                "enable_integrity_monitoring": true,
                "enable_secure_boot": false,
                "enable_vtpm": true
              }
            ],
            "tags": [
              "http-server",
              "https-server"
            ],
            "tags_fingerprint": "6smc4R4d39I=",
            "timeouts": null,
            "zone": "us-central1-a"
          },
          "sensitive_attributes": [],
          "private": "eyJlMmJmYjczMC1lY2FhLTExZTYtOGY4OC0zNDM2M2JjN2M0YzAiOnsiY3JlYXRlIjoxMjAwMDAwMDAwMDAwLCJkZWxldGUiOjEyMDAwMDAwMDAwMDAsInVwZGF0ZSI6MTIwMDAwMDAwMDAwMH0sInNjaGVtYV92ZXJzaW9uIjoiNiJ9"
        }
      ]
    }
  ],
  "check_results": null
}
